
Microsoft Visual Studio Solution File, Format Version 12.00
# Visual Studio Version 17
VisualStudioVersion = 17.4.33213.308
MinimumVisualStudioVersion = 10.0.40219.1
Project("{9A19103F-16F7-4668-BE54-9A1E7A4F7556}") = "Lab3-MongoDB", "Lab3-MongoDB.csproj", "{665E6B90-F181-4AA9-982C-EF533E86D35F}"
EndProject
Project("{FAE04EC0-301F-11D3-BF4B-00C04F79EFBC}") = "DataAccess", "..\DataAccess\DataAccess.csproj", "{BC7A21ED-81D6-4ED3-9B10-35E72E441912}"
EndProject
Global
	GlobalSection(SolutionConfigurationPlatforms) = preSolution
		Debug|Any CPU = Debug|Any CPU
		Release|Any CPU = Release|Any CPU
	EndGlobalSection
	GlobalSection(ProjectConfigurationPlatforms) = postSolution
		{665E6B90-F181-4AA9-982C-EF533E86D35F}.Debug|Any CPU.ActiveCfg = Debug|Any CPU
		{665E6B90-F181-4AA9-982C-EF533E86D35F}.Debug|Any CPU.Build.0 = Debug|Any CPU
		{665E6B90-F181-4AA9-982C-EF533E86D35F}.Release|Any CPU.ActiveCfg = Release|Any CPU
		{665E6B90-F181-4AA9-982C-EF533E86D35F}.Release|Any CPU.Build.0 = Release|Any CPU
		{BC7A21ED-81D6-4ED3-9B10-35E72E441912}.Debug|Any CPU.ActiveCfg = Debug|Any CPU
		{BC7A21ED-81D6-4ED3-9B10-35E72E441912}.Debug|Any CPU.Build.0 = Debug|Any CPU
		{BC7A21ED-81D6-4ED3-9B10-35E72E441912}.Release|Any CPU.ActiveCfg = Release|Any CPU
		{BC7A21ED-81D6-4ED3-9B10-35E72E441912}.Release|Any CPU.Build.0 = Release|Any CPU
	EndGlobalSection
	GlobalSection(SolutionProperties) = preSolution
		HideSolutionNode = FALSE
	EndGlobalSection
	GlobalSection(ExtensibilityGlobals) = postSolution
		SolutionGuid = {D172E088-93F0-4502-B6DD-0EB4B84850F8}
	EndGlobalSection
EndGlobal
